// !$*UTF8*$!
{
	archiveVersion = 1;
	classes = {
	};
	objectVersion = 55;
	objects = {

/* Begin PBXBuildFile section */
		FD1B861F293167CA00848362 /* sports.json in Resources */ = {isa = PBXBuildFile; fileRef = FD1B861E293167CA00848362 /* sports.json */; };
		FD442845292E593F005B9635 /* TravelDiscoveryApp.swift in Sources */ = {isa = PBXBuildFile; fileRef = FD442844292E593F005B9635 /* TravelDiscoveryApp.swift */; };
		FD442847292E593F005B9635 /* DiscoverView.swift in Sources */ = {isa = PBXBuildFile; fileRef = FD442846292E593F005B9635 /* DiscoverView.swift */; };
		FD442849292E5942005B9635 /* Assets.xcassets in Resources */ = {isa = PBXBuildFile; fileRef = FD442848292E5942005B9635 /* Assets.xcassets */; };
		FD44284C292E5942005B9635 /* Preview Assets.xcassets in Resources */ = {isa = PBXBuildFile; fileRef = FD44284B292E5942005B9635 /* Preview Assets.xcassets */; };
		FD442854292FD6DC005B9635 /* PopularDestinationView.swift in Sources */ = {isa = PBXBuildFile; fileRef = FD442853292FD6DC005B9635 /* PopularDestinationView.swift */; };
		FD442856292FD9EF005B9635 /* PopularRestaurantsView.swift in Sources */ = {isa = PBXBuildFile; fileRef = FD442855292FD9EF005B9635 /* PopularRestaurantsView.swift */; };
		FD442858292FDA17005B9635 /* TrendingCreatorsView.swift in Sources */ = {isa = PBXBuildFile; fileRef = FD442857292FDA17005B9635 /* TrendingCreatorsView.swift */; };
		FD44285B292FDAE9005B9635 /* Destination.swift in Sources */ = {isa = PBXBuildFile; fileRef = FD44285A292FDAE9005B9635 /* Destination.swift */; };
		FD44285D292FDAF7005B9635 /* Resturant.swift in Sources */ = {isa = PBXBuildFile; fileRef = FD44285C292FDAF7005B9635 /* Resturant.swift */; };
		FD44285F292FDB05005B9635 /* User.swift in Sources */ = {isa = PBXBuildFile; fileRef = FD44285E292FDB05005B9635 /* User.swift */; };
		FD442861292FDB1B005B9635 /* Category.swift in Sources */ = {isa = PBXBuildFile; fileRef = FD442860292FDB1B005B9635 /* Category.swift */; };
		FD442866292FF900005B9635 /* TileModifier.swift in Sources */ = {isa = PBXBuildFile; fileRef = FD442865292FF900005B9635 /* TileModifier.swift */; };
		FD711C822937CFE4001854AD /* DestinationHeaderContainer.swift in Sources */ = {isa = PBXBuildFile; fileRef = FD711C812937CFE4001854AD /* DestinationHeaderContainer.swift */; };
		FD7DCA422932A0B600D75752 /* CoreLocation.framework in Frameworks */ = {isa = PBXBuildFile; fileRef = FD7DCA412932A0B600D75752 /* CoreLocation.framework */; };
		FD7DCA442932A0CD00D75752 /* MapKit.framework in Frameworks */ = {isa = PBXBuildFile; fileRef = FD7DCA432932A0CD00D75752 /* MapKit.framework */; };
		FDCA3D342930D0A00073CF7A /* DiscoverCategoriesView.swift in Sources */ = {isa = PBXBuildFile; fileRef = FDCA3D332930D0A00073CF7A /* DiscoverCategoriesView.swift */; };
		FDD6E90429391305007109C1 /* Kingfisher in Frameworks */ = {isa = PBXBuildFile; productRef = FDD6E90329391305007109C1 /* Kingfisher */; };
		FDD6E90629395976007109C1 /* paris.json in Resources */ = {isa = PBXBuildFile; fileRef = FDD6E90529395976007109C1 /* paris.json */; };
		FDE1B3FC2931245A00738503 /* art.json in Resources */ = {isa = PBXBuildFile; fileRef = FDE1B3FB2931245A00738503 /* art.json */; };
		FDE1B3FF2931422C00738503 /* Kingfisher in Frameworks */ = {isa = PBXBuildFile; productRef = FDE1B3FE2931422C00738503 /* Kingfisher */; };
		FDE1B402293143C100738503 /* CategoryDetailView.swift in Sources */ = {isa = PBXBuildFile; fileRef = FDE1B401293143C100738503 /* CategoryDetailView.swift */; };
		FDE1B4042931444F00738503 /* ActivityIndicatorView.swift in Sources */ = {isa = PBXBuildFile; fileRef = FDE1B4032931444F00738503 /* ActivityIndicatorView.swift */; };
		FDE1B406293144C000738503 /* Place.swift in Sources */ = {isa = PBXBuildFile; fileRef = FDE1B405293144C000738503 /* Place.swift */; };
/* End PBXBuildFile section */

/* Begin PBXFileReference section */
		FD1B861E293167CA00848362 /* sports.json */ = {isa = PBXFileReference; fileEncoding = 4; lastKnownFileType = text.json; path = sports.json; sourceTree = "<group>"; };
		FD442841292E593F005B9635 /* TravelDiscovery.app */ = {isa = PBXFileReference; explicitFileType = wrapper.application; includeInIndex = 0; path = TravelDiscovery.app; sourceTree = BUILT_PRODUCTS_DIR; };
		FD442844292E593F005B9635 /* TravelDiscoveryApp.swift */ = {isa = PBXFileReference; lastKnownFileType = sourcecode.swift; path = TravelDiscoveryApp.swift; sourceTree = "<group>"; };
		FD442846292E593F005B9635 /* DiscoverView.swift */ = {isa = PBXFileReference; lastKnownFileType = sourcecode.swift; path = DiscoverView.swift; sourceTree = "<group>"; };
		FD442848292E5942005B9635 /* Assets.xcassets */ = {isa = PBXFileReference; lastKnownFileType = folder.assetcatalog; path = Assets.xcassets; sourceTree = "<group>"; };
		FD44284B292E5942005B9635 /* Preview Assets.xcassets */ = {isa = PBXFileReference; lastKnownFileType = folder.assetcatalog; path = "Preview Assets.xcassets"; sourceTree = "<group>"; };
		FD442853292FD6DC005B9635 /* PopularDestinationView.swift */ = {isa = PBXFileReference; lastKnownFileType = sourcecode.swift; path = PopularDestinationView.swift; sourceTree = "<group>"; };
		FD442855292FD9EF005B9635 /* PopularRestaurantsView.swift */ = {isa = PBXFileReference; lastKnownFileType = sourcecode.swift; path = PopularRestaurantsView.swift; sourceTree = "<group>"; };
		FD442857292FDA17005B9635 /* TrendingCreatorsView.swift */ = {isa = PBXFileReference; lastKnownFileType = sourcecode.swift; path = TrendingCreatorsView.swift; sourceTree = "<group>"; };
		FD44285A292FDAE9005B9635 /* Destination.swift */ = {isa = PBXFileReference; lastKnownFileType = sourcecode.swift; path = Destination.swift; sourceTree = "<group>"; };
		FD44285C292FDAF7005B9635 /* Resturant.swift */ = {isa = PBXFileReference; lastKnownFileType = sourcecode.swift; path = Resturant.swift; sourceTree = "<group>"; };
		FD44285E292FDB05005B9635 /* User.swift */ = {isa = PBXFileReference; lastKnownFileType = sourcecode.swift; path = User.swift; sourceTree = "<group>"; };
		FD442860292FDB1B005B9635 /* Category.swift */ = {isa = PBXFileReference; lastKnownFileType = sourcecode.swift; path = Category.swift; sourceTree = "<group>"; };
		FD442865292FF900005B9635 /* TileModifier.swift */ = {isa = PBXFileReference; lastKnownFileType = sourcecode.swift; path = TileModifier.swift; sourceTree = "<group>"; };
		FD711C812937CFE4001854AD /* DestinationHeaderContainer.swift */ = {isa = PBXFileReference; lastKnownFileType = sourcecode.swift; path = DestinationHeaderContainer.swift; sourceTree = "<group>"; };
		FD7DCA412932A0B600D75752 /* CoreLocation.framework */ = {isa = PBXFileReference; lastKnownFileType = wrapper.framework; name = CoreLocation.framework; path = System/Library/Frameworks/CoreLocation.framework; sourceTree = SDKROOT; };
		FD7DCA432932A0CD00D75752 /* MapKit.framework */ = {isa = PBXFileReference; lastKnownFileType = wrapper.framework; name = MapKit.framework; path = System/Library/Frameworks/MapKit.framework; sourceTree = SDKROOT; };
		FDCA3D332930D0A00073CF7A /* DiscoverCategoriesView.swift */ = {isa = PBXFileReference; lastKnownFileType = sourcecode.swift; path = DiscoverCategoriesView.swift; sourceTree = "<group>"; };
		FDD6E90529395976007109C1 /* paris.json */ = {isa = PBXFileReference; fileEncoding = 4; lastKnownFileType = text.json; name = paris.json; path = ../../../../Downloads/paris.json; sourceTree = "<group>"; };
		FDE1B3FB2931245A00738503 /* art.json */ = {isa = PBXFileReference; fileEncoding = 4; lastKnownFileType = text.json; path = art.json; sourceTree = "<group>"; };
		FDE1B401293143C100738503 /* CategoryDetailView.swift */ = {isa = PBXFileReference; lastKnownFileType = sourcecode.swift; path = CategoryDetailView.swift; sourceTree = "<group>"; };
		FDE1B4032931444F00738503 /* ActivityIndicatorView.swift */ = {isa = PBXFileReference; lastKnownFileType = sourcecode.swift; path = ActivityIndicatorView.swift; sourceTree = "<group>"; };
		FDE1B405293144C000738503 /* Place.swift */ = {isa = PBXFileReference; lastKnownFileType = sourcecode.swift; path = Place.swift; sourceTree = "<group>"; };
/* End PBXFileReference section */

/* Begin PBXFrameworksBuildPhase section */
		FD44283E292E593F005B9635 /* Frameworks */ = {
			isa = PBXFrameworksBuildPhase;
			buildActionMask = 2147483647;
			files = (
				FDD6E90429391305007109C1 /* Kingfisher in Frameworks */,
				FD7DCA422932A0B600D75752 /* CoreLocation.framework in Frameworks */,
				FD7DCA442932A0CD00D75752 /* MapKit.framework in Frameworks */,
				FDE1B3FF2931422C00738503 /* Kingfisher in Frameworks */,
			);
			runOnlyForDeploymentPostprocessing = 0;
		};
/* End PBXFrameworksBuildPhase section */

/* Begin PBXGroup section */
		FD1B8620293167D300848362 /* Source */ = {
			isa = PBXGroup;
			children = (
				FDE1B3FB2931245A00738503 /* art.json */,
				FD1B861E293167CA00848362 /* sports.json */,
				FDD6E90529395976007109C1 /* paris.json */,
			);
			path = Source;
			sourceTree = "<group>";
		};
		FD442838292E593F005B9635 = {
			isa = PBXGroup;
			children = (
				FD442843292E593F005B9635 /* TravelDiscovery */,
				FD442842292E593F005B9635 /* Products */,
				FD7DCA402932A0B600D75752 /* Frameworks */,
			);
			sourceTree = "<group>";
		};
		FD442842292E593F005B9635 /* Products */ = {
			isa = PBXGroup;
			children = (
				FD442841292E593F005B9635 /* TravelDiscovery.app */,
			);
			name = Products;
			sourceTree = "<group>";
		};
		FD442843292E593F005B9635 /* TravelDiscovery */ = {
			isa = PBXGroup;
			children = (
				FD1B8620293167D300848362 /* Source */,
				FD442862292FF897005B9635 /* Utils */,
				FD442859292FDAD5005B9635 /* Models */,
				FD442852292FD3AF005B9635 /* Discover */,
				FD442844292E593F005B9635 /* TravelDiscoveryApp.swift */,
				FD442848292E5942005B9635 /* Assets.xcassets */,
				FD44284A292E5942005B9635 /* Preview Content */,
			);
			path = TravelDiscovery;
			sourceTree = "<group>";
		};
		FD44284A292E5942005B9635 /* Preview Content */ = {
			isa = PBXGroup;
			children = (
				FD44284B292E5942005B9635 /* Preview Assets.xcassets */,
			);
			path = "Preview Content";
			sourceTree = "<group>";
		};
		FD442852292FD3AF005B9635 /* Discover */ = {
			isa = PBXGroup;
			children = (
				FD711C802937CFA8001854AD /* Destination */,
				FDE1B400293143B000738503 /* Category */,
				FD442846292E593F005B9635 /* DiscoverView.swift */,
				FD442853292FD6DC005B9635 /* PopularDestinationView.swift */,
				FD442855292FD9EF005B9635 /* PopularRestaurantsView.swift */,
				FD442857292FDA17005B9635 /* TrendingCreatorsView.swift */,
				FDCA3D332930D0A00073CF7A /* DiscoverCategoriesView.swift */,
			);
			path = Discover;
			sourceTree = "<group>";
		};
		FD442859292FDAD5005B9635 /* Models */ = {
			isa = PBXGroup;
			children = (
				FD44285A292FDAE9005B9635 /* Destination.swift */,
				FD44285C292FDAF7005B9635 /* Resturant.swift */,
				FD44285E292FDB05005B9635 /* User.swift */,
				FD442860292FDB1B005B9635 /* Category.swift */,
				FDE1B405293144C000738503 /* Place.swift */,
			);
			path = Models;
			sourceTree = "<group>";
		};
		FD442862292FF897005B9635 /* Utils */ = {
			isa = PBXGroup;
			children = (
				FD442865292FF900005B9635 /* TileModifier.swift */,
				FDE1B4032931444F00738503 /* ActivityIndicatorView.swift */,
			);
			path = Utils;
			sourceTree = "<group>";
		};
		FD711C802937CFA8001854AD /* Destination */ = {
			isa = PBXGroup;
			children = (
				FD711C812937CFE4001854AD /* DestinationHeaderContainer.swift */,
			);
			path = Destination;
			sourceTree = "<group>";
		};
		FD7DCA402932A0B600D75752 /* Frameworks */ = {
			isa = PBXGroup;
			children = (
				FD7DCA432932A0CD00D75752 /* MapKit.framework */,
				FD7DCA412932A0B600D75752 /* CoreLocation.framework */,
			);
			name = Frameworks;
			sourceTree = "<group>";
		};
		FDE1B400293143B000738503 /* Category */ = {
			isa = PBXGroup;
			children = (
				FDE1B401293143C100738503 /* CategoryDetailView.swift */,
			);
			path = Category;
			sourceTree = "<group>";
		};
/* End PBXGroup section */

/* Begin PBXNativeTarget section */
		FD442840292E593F005B9635 /* TravelDiscovery */ = {
			isa = PBXNativeTarget;
			buildConfigurationList = FD44284F292E5942005B9635 /* Build configuration list for PBXNativeTarget "TravelDiscovery" */;
			buildPhases = (
				FD44283D292E593F005B9635 /* Sources */,
				FD44283E292E593F005B9635 /* Frameworks */,
				FD44283F292E593F005B9635 /* Resources */,
			);
			buildRules = (
			);
			dependencies = (
			);
			name = TravelDiscovery;
			packageProductDependencies = (
				FDE1B3FE2931422C00738503 /* Kingfisher */,
				FDD6E90329391305007109C1 /* Kingfisher */,
			);
			productName = TravelDiscovery;
			productReference = FD442841292E593F005B9635 /* TravelDiscovery.app */;
			productType = "com.apple.product-type.application";
		};
/* End PBXNativeTarget section */

/* Begin PBXProject section */
		FD442839292E593F005B9635 /* Project object */ = {
			isa = PBXProject;
			attributes = {
				BuildIndependentTargetsInParallel = 1;
				LastSwiftUpdateCheck = 1340;
				LastUpgradeCheck = 1340;
				TargetAttributes = {
					FD442840292E593F005B9635 = {
						CreatedOnToolsVersion = 13.4.1;
					};
				};
			};
			buildConfigurationList = FD44283C292E593F005B9635 /* Build configuration list for PBXProject "TravelDiscovery" */;
			compatibilityVersion = "Xcode 13.0";
			developmentRegion = en;
			hasScannedForEncodings = 0;
			knownRegions = (
				en,
				Base,
			);
			mainGroup = FD442838292E593F005B9635;
			packageReferences = (
				FDE1B3FD2931422C00738503 /* XCRemoteSwiftPackageReference "Kingfisher" */,
				FDD6E90229391305007109C1 /* XCRemoteSwiftPackageReference "Kingfisher" */,
			);
			productRefGroup = FD442842292E593F005B9635 /* Products */;
			projectDirPath = "";
			projectRoot = "";
			targets = (
				FD442840292E593F005B9635 /* TravelDiscovery */,
			);
		};
/* End PBXProject section */

/* Begin PBXResourcesBuildPhase section */
		FD44283F292E593F005B9635 /* Resources */ = {
			isa = PBXResourcesBuildPhase;
			buildActionMask = 2147483647;
			files = (
				FDD6E90629395976007109C1 /* paris.json in Resources */,
				FDE1B3FC2931245A00738503 /* art.json in Resources */,
				FD44284C292E5942005B9635 /* Preview Assets.xcassets in Resources */,
				FD1B861F293167CA00848362 /* sports.json in Resources */,
				FD442849292E5942005B9635 /* Assets.xcassets in Resources */,
			);
			runOnlyForDeploymentPostprocessing = 0;
		};
/* End PBXResourcesBuildPhase section */

/* Begin PBXSourcesBuildPhase section */
		FD44283D292E593F005B9635 /* Sources */ = {
			isa = PBXSourcesBuildPhase;
			buildActionMask = 2147483647;
			files = (
				FD442858292FDA17005B9635 /* TrendingCreatorsView.swift in Sources */,
				FD44285D292FDAF7005B9635 /* Resturant.swift in Sources */,
				FD442866292FF900005B9635 /* TileModifier.swift in Sources */,
				FD442847292E593F005B9635 /* DiscoverView.swift in Sources */,
				FDCA3D342930D0A00073CF7A /* DiscoverCategoriesView.swift in Sources */,
				FD711C822937CFE4001854AD /* DestinationHeaderContainer.swift in Sources */,
				FDE1B406293144C000738503 /* Place.swift in Sources */,
				FD44285B292FDAE9005B9635 /* Destination.swift in Sources */,
				FD44285F292FDB05005B9635 /* User.swift in Sources */,
				FD442861292FDB1B005B9635 /* Category.swift in Sources */,
				FD442856292FD9EF005B9635 /* PopularRestaurantsView.swift in Sources */,
				FD442845292E593F005B9635 /* TravelDiscoveryApp.swift in Sources */,
				FD442854292FD6DC005B9635 /* PopularDestinationView.swift in Sources */,
				FDE1B4042931444F00738503 /* ActivityIndicatorView.swift in Sources */,
				FDE1B402293143C100738503 /* CategoryDetailView.swift in Sources */,
			);
			runOnlyForDeploymentPostprocessing = 0;
		};
/* End PBXSourcesBuildPhase section */

/* Begin XCBuildConfiguration section */
		FD44284D292E5942005B9635 /* Debug */ = {
			isa = XCBuildConfiguration;
			buildSettings = {
				ALWAYS_SEARCH_USER_PATHS = NO;
				CLANG_ANALYZER_NONNULL = YES;
				CLANG_ANALYZER_NUMBER_OBJECT_CONVERSION = YES_AGGRESSIVE;
				CLANG_CXX_LANGUAGE_STANDARD = "gnu++17";
				CLANG_ENABLE_MODULES = YES;
				CLANG_ENABLE_OBJC_ARC = YES;
				CLANG_ENABLE_OBJC_WEAK = YES;
				CLANG_WARN_BLOCK_CAPTURE_AUTORELEASING = YES;
				CLANG_WARN_BOOL_CONVERSION = YES;
				CLANG_WARN_COMMA = YES;
				CLANG_WARN_CONSTANT_CONVERSION = YES;
				CLANG_WARN_DEPRECATED_OBJC_IMPLEMENTATIONS = YES;
				CLANG_WARN_DIRECT_OBJC_ISA_USAGE = YES_ERROR;
				CLANG_WARN_DOCUMENTATION_COMMENTS = YES;
				CLANG_WARN_EMPTY_BODY = YES;
				CLANG_WARN_ENUM_CONVERSION = YES;
				CLANG_WARN_INFINITE_RECURSION = YES;
				CLANG_WARN_INT_CONVERSION = YES;
				CLANG_WARN_NON_LITERAL_NULL_CONVERSION = YES;
				CLANG_WARN_OBJC_IMPLICIT_RETAIN_SELF = YES;
				CLANG_WARN_OBJC_LITERAL_CONVERSION = YES;
				CLANG_WARN_OBJC_ROOT_CLASS = YES_ERROR;
				CLANG_WARN_QUOTED_INCLUDE_IN_FRAMEWORK_HEADER = YES;
				CLANG_WARN_RANGE_LOOP_ANALYSIS = YES;
				CLANG_WARN_STRICT_PROTOTYPES = YES;
				CLANG_WARN_SUSPICIOUS_MOVE = YES;
				CLANG_WARN_UNGUARDED_AVAILABILITY = YES_AGGRESSIVE;
				CLANG_WARN_UNREACHABLE_CODE = YES;
				CLANG_WARN__DUPLICATE_METHOD_MATCH = YES;
				COPY_PHASE_STRIP = NO;
				DEBUG_INFORMATION_FORMAT = dwarf;
				ENABLE_STRICT_OBJC_MSGSEND = YES;
				ENABLE_TESTABILITY = YES;
				GCC_C_LANGUAGE_STANDARD = gnu11;
				GCC_DYNAMIC_NO_PIC = NO;
				GCC_NO_COMMON_BLOCKS = YES;
				GCC_OPTIMIZATION_LEVEL = 0;
				GCC_PREPROCESSOR_DEFINITIONS = (
					"DEBUG=1",
					"$(inherited)",
				);
				GCC_WARN_64_TO_32_BIT_CONVERSION = YES;
				GCC_WARN_ABOUT_RETURN_TYPE = YES_ERROR;
				GCC_WARN_UNDECLARED_SELECTOR = YES;
				GCC_WARN_UNINITIALIZED_AUTOS = YES_AGGRESSIVE;
				GCC_WARN_UNUSED_FUNCTION = YES;
				GCC_WARN_UNUSED_VARIABLE = YES;
				IPHONEOS_DEPLOYMENT_TARGET = 15.5;
				MTL_ENABLE_DEBUG_INFO = INCLUDE_SOURCE;
				MTL_FAST_MATH = YES;
				ONLY_ACTIVE_ARCH = YES;
				SDKROOT = iphoneos;
				SWIFT_ACTIVE_COMPILATION_CONDITIONS = DEBUG;
				SWIFT_OPTIMIZATION_LEVEL = "-Onone";
			};
			name = Debug;
		};
		FD44284E292E5942005B9635 /* Release */ = {
			isa = XCBuildConfiguration;
			buildSettings = {
				ALWAYS_SEARCH_USER_PATHS = NO;
				CLANG_ANALYZER_NONNULL = YES;
				CLANG_ANALYZER_NUMBER_OBJECT_CONVERSION = YES_AGGRESSIVE;
				CLANG_CXX_LANGUAGE_STANDARD = "gnu++17";
				CLANG_ENABLE_MODULES = YES;
				CLANG_ENABLE_OBJC_ARC = YES;
				CLANG_ENABLE_OBJC_WEAK = YES;
				CLANG_WARN_BLOCK_CAPTURE_AUTORELEASING = YES;
				CLANG_WARN_BOOL_CONVERSION = YES;
				CLANG_WARN_COMMA = YES;
				CLANG_WARN_CONSTANT_CONVERSION = YES;
				CLANG_WARN_DEPRECATED_OBJC_IMPLEMENTATIONS = YES;
				CLANG_WARN_DIRECT_OBJC_ISA_USAGE = YES_ERROR;
				CLANG_WARN_DOCUMENTATION_COMMENTS = YES;
				CLANG_WARN_EMPTY_BODY = YES;
				CLANG_WARN_ENUM_CONVERSION = YES;
				CLANG_WARN_INFINITE_RECURSION = YES;
				CLANG_WARN_INT_CONVERSION = YES;
				CLANG_WARN_NON_LITERAL_NULL_CONVERSION = YES;
				CLANG_WARN_OBJC_IMPLICIT_RETAIN_SELF = YES;
				CLANG_WARN_OBJC_LITERAL_CONVERSION = YES;
				CLANG_WARN_OBJC_ROOT_CLASS = YES_ERROR;
				CLANG_WARN_QUOTED_INCLUDE_IN_FRAMEWORK_HEADER = YES;
				CLANG_WARN_RANGE_LOOP_ANALYSIS = YES;
				CLANG_WARN_STRICT_PROTOTYPES = YES;
				CLANG_WARN_SUSPICIOUS_MOVE = YES;
				CLANG_WARN_UNGUARDED_AVAILABILITY = YES_AGGRESSIVE;
				CLANG_WARN_UNREACHABLE_CODE = YES;
				CLANG_WARN__DUPLICATE_METHOD_MATCH = YES;
				COPY_PHASE_STRIP = NO;
				DEBUG_INFORMATION_FORMAT = "dwarf-with-dsym";
				ENABLE_NS_ASSERTIONS = NO;
				ENABLE_STRICT_OBJC_MSGSEND = YES;
				GCC_C_LANGUAGE_STANDARD = gnu11;
				GCC_NO_COMMON_BLOCKS = YES;
				GCC_WARN_64_TO_32_BIT_CONVERSION = YES;
				GCC_WARN_ABOUT_RETURN_TYPE = YES_ERROR;
				GCC_WARN_UNDECLARED_SELECTOR = YES;
				GCC_WARN_UNINITIALIZED_AUTOS = YES_AGGRESSIVE;
				GCC_WARN_UNUSED_FUNCTION = YES;
				GCC_WARN_UNUSED_VARIABLE = YES;
				IPHONEOS_DEPLOYMENT_TARGET = 15.5;
				MTL_ENABLE_DEBUG_INFO = NO;
				MTL_FAST_MATH = YES;
				SDKROOT = iphoneos;
				SWIFT_COMPILATION_MODE = wholemodule;
				SWIFT_OPTIMIZATION_LEVEL = "-O";
				VALIDATE_PRODUCT = YES;
			};
			name = Release;
		};
		FD442850292E5942005B9635 /* Debug */ = {
			isa = XCBuildConfiguration;
			buildSettings = {
				ASSETCATALOG_COMPILER_APPICON_NAME = AppIcon;
				ASSETCATALOG_COMPILER_GLOBAL_ACCENT_COLOR_NAME = AccentColor;
				CODE_SIGN_STYLE = Automatic;
				CURRENT_PROJECT_VERSION = 1;
				DEVELOPMENT_ASSET_PATHS = "\"TravelDiscovery/Preview Content\"";
				DEVELOPMENT_TEAM = RC2VXZ9ZR3;
				ENABLE_PREVIEWS = YES;
				GENERATE_INFOPLIST_FILE = YES;
				INFOPLIST_KEY_UIApplicationSceneManifest_Generation = YES;
				INFOPLIST_KEY_UIApplicationSupportsIndirectInputEvents = YES;
				INFOPLIST_KEY_UILaunchScreen_Generation = YES;
				INFOPLIST_KEY_UISupportedInterfaceOrientations_iPad = "UIInterfaceOrientationPortrait UIInterfaceOrientationPortraitUpsideDown UIInterfaceOrientationLandscapeLeft UIInterfaceOrientationLandscapeRight";
				INFOPLIST_KEY_UISupportedInterfaceOrientations_iPhone = "UIInterfaceOrientationPortrait UIInterfaceOrientationLandscapeLeft UIInterfaceOrientationLandscapeRight";
				LD_RUNPATH_SEARCH_PATHS = (
					"$(inherited)",
					"@executable_path/Frameworks",
				);
				MARKETING_VERSION = 1.0;
				PRODUCT_BUNDLE_IDENTIFIER = com.example.TravelDiscovery;
				PRODUCT_NAME = "$(TARGET_NAME)";
				SWIFT_EMIT_LOC_STRINGS = YES;
				SWIFT_VERSION = 5.0;
				TARGETED_DEVICE_FAMILY = "1,2";
			};
			name = Debug;
		};
		FD442851292E5942005B9635 /* Release */ = {
			isa = XCBuildConfiguration;
			buildSettings = {
				ASSETCATALOG_COMPILER_APPICON_NAME = AppIcon;
				ASSETCATALOG_COMPILER_GLOBAL_ACCENT_COLOR_NAME = AccentColor;
				CODE_SIGN_STYLE = Automatic;
				CURRENT_PROJECT_VERSION = 1;
				DEVELOPMENT_ASSET_PATHS = "\"TravelDiscovery/Preview Content\"";
				DEVELOPMENT_TEAM = RC2VXZ9ZR3;
				ENABLE_PREVIEWS = YES;
				GENERATE_INFOPLIST_FILE = YES;
				INFOPLIST_KEY_UIApplicationSceneManifest_Generation = YES;
				INFOPLIST_KEY_UIApplicationSupportsIndirectInputEvents = YES;
				INFOPLIST_KEY_UILaunchScreen_Generation = YES;
				INFOPLIST_KEY_UISupportedInterfaceOrientations_iPad = "UIInterfaceOrientationPortrait UIInterfaceOrientationPortraitUpsideDown UIInterfaceOrientationLandscapeLeft UIInterfaceOrientationLandscapeRight";
				INFOPLIST_KEY_UISupportedInterfaceOrientations_iPhone = "UIInterfaceOrientationPortrait UIInterfaceOrientationLandscapeLeft UIInterfaceOrientationLandscapeRight";
				LD_RUNPATH_SEARCH_PATHS = (
					"$(inherited)",
					"@executable_path/Frameworks",
				);
				MARKETING_VERSION = 1.0;
				PRODUCT_BUNDLE_IDENTIFIER = com.example.TravelDiscovery;
				PRODUCT_NAME = "$(TARGET_NAME)";
				SWIFT_EMIT_LOC_STRINGS = YES;
				SWIFT_VERSION = 5.0;
				TARGETED_DEVICE_FAMILY = "1,2";
			};
			name = Release;
		};
/* End XCBuildConfiguration section */

/* Begin XCConfigurationList section */
		FD44283C292E593F005B9635 /* Build configuration list for PBXProject "TravelDiscovery" */ = {
			isa = XCConfigurationList;
			buildConfigurations = (
				FD44284D292E5942005B9635 /* Debug */,
				FD44284E292E5942005B9635 /* Release */,
			);
			defaultConfigurationIsVisible = 0;
			defaultConfigurationName = Release;
		};
		FD44284F292E5942005B9635 /* Build configuration list for PBXNativeTarget "TravelDiscovery" */ = {
			isa = XCConfigurationList;
			buildConfigurations = (
				FD442850292E5942005B9635 /* Debug */,
				FD442851292E5942005B9635 /* Release */,
			);
			defaultConfigurationIsVisible = 0;
			defaultConfigurationName = Release;
		};
/* End XCConfigurationList section */

/* Begin XCRemoteSwiftPackageReference section */
		FDD6E90229391305007109C1 /* XCRemoteSwiftPackageReference "Kingfisher" */ = {
			isa = XCRemoteSwiftPackageReference;
			repositoryURL = "https://github.com/onevcat/Kingfisher.git";
			requirement = {
				kind = upToNextMajorVersion;
				minimumVersion = 7.0.0;
			};
		};
		FDE1B3FD2931422C00738503 /* XCRemoteSwiftPackageReference "Kingfisher" */ = {
			isa = XCRemoteSwiftPackageReference;
			repositoryURL = "https://github.com/onevcat/Kingfisher.git";
			requirement = {
				branch = master;
				kind = branch;
			};
		};
/* End XCRemoteSwiftPackageReference section */

/* Begin XCSwiftPackageProductDependency section */
		FDD6E90329391305007109C1 /* Kingfisher */ = {
			isa = XCSwiftPackageProductDependency;
			package = FDD6E90229391305007109C1 /* XCRemoteSwiftPackageReference "Kingfisher" */;
			productName = Kingfisher;
		};
		FDE1B3FE2931422C00738503 /* Kingfisher */ = {
			isa = XCSwiftPackageProductDependency;
			package = FDE1B3FD2931422C00738503 /* XCRemoteSwiftPackageReference "Kingfisher" */;
			productName = Kingfisher;
		};
/* End XCSwiftPackageProductDependency section */
	};
	rootObject = FD442839292E593F005B9635 /* Project object */;
}
